
Microsoft Visual Studio Solution File, Format Version 12.00
# Visual Studio 15
VisualStudioVersion = 15.0.28010.2026
MinimumVisualStudioVersion = 10.0.40219.1
Project("{FAE04EC0-301F-11D3-BF4B-00C04F79EFBC}") = "ArduinoAPI", "ArduinoAPI\ArduinoAPI.csproj", "{58878D1F-2B1B-4A10-A34E-7DD7818FCF96}"
EndProject
Global
	GlobalSection(SolutionConfigurationPlatforms) = preSolution
		Debug|Any CPU = Debug|Any CPU
		Release|Any CPU = Release|Any CPU
	EndGlobalSection
	GlobalSection(ProjectConfigurationPlatforms) = postSolution
		{58878D1F-2B1B-4A10-A34E-7DD7818FCF96}.Debug|Any CPU.ActiveCfg = Debug|Any CPU
		{58878D1F-2B1B-4A10-A34E-7DD7818FCF96}.Debug|Any CPU.Build.0 = Debug|Any CPU
		{58878D1F-2B1B-4A10-A34E-7DD7818FCF96}.Release|Any CPU.ActiveCfg = Release|Any CPU
		{58878D1F-2B1B-4A10-A34E-7DD7818FCF96}.Release|Any CPU.Build.0 = Release|Any CPU
	EndGlobalSection
	GlobalSection(SolutionProperties) = preSolution
		HideSolutionNode = FALSE
	EndGlobalSection
	GlobalSection(ExtensibilityGlobals) = postSolution
		SolutionGuid = {5C967683-5999-4210-8ED2-84635B1BD19D}
	EndGlobalSection
EndGlobal
